schema: '2.0'
stages:
  data_ingestion:
    cmd: python src/deepClassifier/pipeline/stage_01_data_ingestion.py
    deps:
    - path: configs/config.yaml
      md5: 11cc5642ba2725648da24e6823250f7d
      size: 831
    - path: src/deepClassifier/pipeline/stage_01_data_ingestion.py
      md5: f172a70cf599c77bbef01c290e2c9f6c
      size: 717
    outs:
    - path: artifacts/data_ingestion/PetImages
      md5: 3a5cf86541f22c236620ce5b952ad684.dir
      size: 848866410
      nfiles: 24998
  prepare_base_model:
    cmd: python src/deepClassifier/pipeline/stage_02_prepare_base_model.py
    deps:
    - path: configs/config.yaml
      md5: 11cc5642ba2725648da24e6823250f7d
      size: 831
    - path: src/deepClassifier/pipeline/stage_02_prepare_base_model.py
      md5: 2d3e3ea4e6b3b70a34bb9e158e24c2ea
      size: 793
    params:
      params.yaml:
        CLASSES: 2
        IMAGE_SIZE:
        - 224
        - 224
        - 3
        INCLUDE_TOP: false
        LEARNING_RATE: 0.01
        WEIGHTS: imagenet
    outs:
    - path: artifacts/prepare_base_model
      md5: ab6c456706dce2780076b6ff43c99bcd.dir
      size: 118053368
      nfiles: 2
  training:
    cmd: python src/deepClassifier/pipeline/stage_03_training.py
    deps:
    - path: artifacts/data_ingestion/PetImages
      md5: 3a5cf86541f22c236620ce5b952ad684.dir
      size: 848866410
      nfiles: 24998
    - path: artifacts/prepare_base_model
      md5: ab6c456706dce2780076b6ff43c99bcd.dir
      size: 118053368
      nfiles: 2
    - path: configs/config.yaml
      md5: 11cc5642ba2725648da24e6823250f7d
      size: 831
    - path: src/deepClassifier/components/prepare_callback.py
      md5: b27788e9a2ef6b98bb6c03d9cd76ee48
      size: 916
    - path: src/deepClassifier/pipeline/stage_03_training.py
      md5: b544965e110cbf58357a4947c0120426
      size: 1005
    params:
      params.yaml:
        AUGMENTATION: true
        BATCH_SIZE: 16
        EPOCHS: 1
        IMAGE_SIZE:
        - 224
        - 224
        - 3
    outs:
    - path: artifacts/training/model.h5
      md5: 2b8c5b8d8c3c27a11cb57775fc840236
      size: 59135136
  evaluation:
    cmd: python src/deepClassifier/pipeline/stage_04_evaluation.py
    deps:
    - path: artifacts/data_ingestion/PetImages
      md5: 3a5cf86541f22c236620ce5b952ad684.dir
      size: 848866410
      nfiles: 24998
    - path: artifacts/training/model.h5
      md5: 2b8c5b8d8c3c27a11cb57775fc840236
      size: 59135136
    - path: configs/config.yaml
      md5: 11cc5642ba2725648da24e6823250f7d
      size: 831
    - path: src/deepClassifier/pipeline/stage_04_evaluation.py
      md5: 16274682083d12ad866d6e96b19cc5af
      size: 699
    params:
      params.yaml:
        BATCH_SIZE: 16
        IMAGE_SIZE:
        - 224
        - 224
        - 3
    outs:
    - path: scores.json
      md5: 2a2199d913c0e929d1f22b2c09aa8bb6
      size: 73
